# This file is autogenerated, do not edit; changes may be undone by the next 'dep ensure'.


[[projects]]
  name = "github.com/rs/xid"
  packages = ["."]
  revision = "02dd45c33376f85d1064355dc790dcc4850596b1"
  version = "v1.1"

[[projects]]
  name = "github.com/rs/zerolog"
  packages = [".","internal/json"]
  revision = "d76a89fffcb0cdd0b006d05ec66d268eb1f0e819"

[solve-meta]
  analyzer-name = "dep"
  analyzer-version = 1
  inputs-digest = "1a3718c62b4209f8f09d3fff37f9dc2cda4b9ce5e1517651ef24143db24114b2"
  solver-name = "gps-cdcl"
  solver-version = 1
